
Microsoft Visual Studio Solution File, Format Version 12.00
# Visual Studio 15
Project("{FAE04EC0-301F-11D3-BF4B-00C04F79EFBC}") = "Assembly-CSharp", "Assembly-CSharp.csproj", "{D6D91141-8B8B-52F7-D90E-7B6ECC5353B7}"
EndProject
Project("{FAE04EC0-301F-11D3-BF4B-00C04F79EFBC}") = "Unity.AssetBundleBrowser.Editor", "Unity.AssetBundleBrowser.Editor.csproj", "{6285D3CA-F8EA-9A19-6526-7627A36B4E86}"
EndProject
Project("{FAE04EC0-301F-11D3-BF4B-00C04F79EFBC}") = "Assembly-CSharp-Editor", "Assembly-CSharp-Editor.csproj", "{EEA09F42-3871-6A30-9108-C53753098ADD}"
EndProject
Global
	GlobalSection(SolutionConfigurationPlatforms) = preSolution
		Debug|Any CPU = Debug|Any CPU
		Release|Any CPU = Release|Any CPU
	EndGlobalSection
	GlobalSection(ProjectConfigurationPlatforms) = postSolution
		{D6D91141-8B8B-52F7-D90E-7B6ECC5353B7}.Debug|Any CPU.ActiveCfg = Debug|Any CPU
		{D6D91141-8B8B-52F7-D90E-7B6ECC5353B7}.Debug|Any CPU.Build.0 = Debug|Any CPU
		{D6D91141-8B8B-52F7-D90E-7B6ECC5353B7}.Release|Any CPU.ActiveCfg = Release|Any CPU
		{D6D91141-8B8B-52F7-D90E-7B6ECC5353B7}.Release|Any CPU.Build.0 = Release|Any CPU
		{6285D3CA-F8EA-9A19-6526-7627A36B4E86}.Debug|Any CPU.ActiveCfg = Debug|Any CPU
		{6285D3CA-F8EA-9A19-6526-7627A36B4E86}.Debug|Any CPU.Build.0 = Debug|Any CPU
		{6285D3CA-F8EA-9A19-6526-7627A36B4E86}.Release|Any CPU.ActiveCfg = Release|Any CPU
		{6285D3CA-F8EA-9A19-6526-7627A36B4E86}.Release|Any CPU.Build.0 = Release|Any CPU
		{EEA09F42-3871-6A30-9108-C53753098ADD}.Debug|Any CPU.ActiveCfg = Debug|Any CPU
		{EEA09F42-3871-6A30-9108-C53753098ADD}.Debug|Any CPU.Build.0 = Debug|Any CPU
		{EEA09F42-3871-6A30-9108-C53753098ADD}.Release|Any CPU.ActiveCfg = Release|Any CPU
		{EEA09F42-3871-6A30-9108-C53753098ADD}.Release|Any CPU.Build.0 = Release|Any CPU
	EndGlobalSection
	GlobalSection(SolutionProperties) = preSolution
		HideSolutionNode = FALSE
	EndGlobalSection
EndGlobal
